
Microsoft Visual Studio Solution File, Format Version 12.00
# Visual Studio Version 17
VisualStudioVersion = 17.3.32922.545
MinimumVisualStudioVersion = 10.0.40219.1
Project("{FAE04EC0-301F-11D3-BF4B-00C04F79EFBC}") = "Automatische Bewegung", "Automatische Bewegung.csproj", "{F479F7FB-F1EE-42E4-A1DE-4EC2870B84D1}"
EndProject
Global
	GlobalSection(SolutionConfigurationPlatforms) = preSolution
		Debug|Any CPU = Debug|Any CPU
		Release|Any CPU = Release|Any CPU
	EndGlobalSection
	GlobalSection(ProjectConfigurationPlatforms) = postSolution
		{F479F7FB-F1EE-42E4-A1DE-4EC2870B84D1}.Debug|Any CPU.ActiveCfg = Debug|Any CPU
		{F479F7FB-F1EE-42E4-A1DE-4EC2870B84D1}.Debug|Any CPU.Build.0 = Debug|Any CPU
		{F479F7FB-F1EE-42E4-A1DE-4EC2870B84D1}.Release|Any CPU.ActiveCfg = Release|Any CPU
		{F479F7FB-F1EE-42E4-A1DE-4EC2870B84D1}.Release|Any CPU.Build.0 = Release|Any CPU
	EndGlobalSection
	GlobalSection(SolutionProperties) = preSolution
		HideSolutionNode = FALSE
	EndGlobalSection
	GlobalSection(ExtensibilityGlobals) = postSolution
		SolutionGuid = {2791F662-7BBD-4D7F-B51C-5DA2BC76F6E1}
	EndGlobalSection
EndGlobal
